
Microsoft Visual Studio Solution File, Format Version 12.00
# Visual Studio Version 17
VisualStudioVersion = 17.5.33414.496
MinimumVisualStudioVersion = 10.0.40219.1
Project("{FAE04EC0-301F-11D3-BF4B-00C04F79EFBC}") = "StoreAPI", "StoreAPI.csproj", "{B6387B1B-ADD0-4C05-A972-33505B5DDCE6}"
EndProject
Global
	GlobalSection(SolutionConfigurationPlatforms) = preSolution
		Debug|Any CPU = Debug|Any CPU
		Release|Any CPU = Release|Any CPU
	EndGlobalSection
	GlobalSection(ProjectConfigurationPlatforms) = postSolution
		{B6387B1B-ADD0-4C05-A972-33505B5DDCE6}.Debug|Any CPU.ActiveCfg = Debug|Any CPU
		{B6387B1B-ADD0-4C05-A972-33505B5DDCE6}.Debug|Any CPU.Build.0 = Debug|Any CPU
		{B6387B1B-ADD0-4C05-A972-33505B5DDCE6}.Release|Any CPU.ActiveCfg = Release|Any CPU
		{B6387B1B-ADD0-4C05-A972-33505B5DDCE6}.Release|Any CPU.Build.0 = Release|Any CPU
	EndGlobalSection
	GlobalSection(SolutionProperties) = preSolution
		HideSolutionNode = FALSE
	EndGlobalSection
	GlobalSection(ExtensibilityGlobals) = postSolution
		SolutionGuid = {5DDD31CA-B225-413F-861E-C2FFFAED9699}
	EndGlobalSection
EndGlobal
